<?xml version="1.0" encoding="utf-8"?>
<Project ToolsVersion="4.0" xmlns="http://schemas.microsoft.com/developer/msbuild/2003">
  <ItemGroup>
    <Filter Include="头文件">
      <UniqueIdentifier>{93995380-89BD-4b04-88EB-625FBE52EBFB}</UniqueIdentifier>
      <Extensions>h;hh;hpp;hxx;hm;inl;inc;xsd</Extensions>
    </Filter>
    <Filter Include="101-200">
      <UniqueIdentifier>{f798b748-2603-4ec3-985a-c406854788cb}</UniqueIdentifier>
    </Filter>
    <Filter Include="201-300">
      <UniqueIdentifier>{e39ca0e8-f2bc-42c7-a3b7-7e2fa2f89139}</UniqueIdentifier>
    </Filter>
    <Filter Include="301-400">
      <UniqueIdentifier>{068922b8-548c-49f6-892b-2948c2fa6e1d}</UniqueIdentifier>
    </Filter>
    <Filter Include="401-500">
      <UniqueIdentifier>{4674f214-04b5-4caa-ab3f-bd7dd01896e5}</UniqueIdentifier>
    </Filter>
    <Filter Include="501-600">
      <UniqueIdentifier>{9f69a7de-f23d-4208-9d21-43bd2dc67319}</UniqueIdentifier>
    </Filter>
    <Filter Include="601-700">
      <UniqueIdentifier>{ba7c612e-35ba-43ae-870b-1a8e2cc73bd6}</UniqueIdentifier>
    </Filter>
    <Filter Include="701-800">
      <UniqueIdentifier>{17ccae86-c2ce-41b9-9802-3032b54f5572}</UniqueIdentifier>
    </Filter>
    <Filter Include="001-100">
      <UniqueIdentifier>{371da3b3-3fe0-4293-8477-d3563a0f9918}</UniqueIdentifier>
    </Filter>
    <Filter Include="801-900">
      <UniqueIdentifier>{afcf9d2f-9dc4-4ab9-9701-ec02c1fa2def}</UniqueIdentifier>
    </Filter>
    <Filter Include="901-1000">
      <UniqueIdentifier>{db20ab7c-8593-411f-9aa1-65722ace5b9c}</UniqueIdentifier>
    </Filter>
  </ItemGroup>
  <ItemGroup>
    <ClCompile Include="001-fix_sum_2.cpp">
      <Filter>001-100</Filter>
    </ClCompile>
    <ClCompile Include="002-add_fwd_list.cpp">
      <Filter>001-100</Filter>
    </ClCompile>
    <ClCompile Include="003-longest_substr_no_repeat.cpp">
      <Filter>001-100</Filter>
    </ClCompile>
    <ClCompile Include="004-median_of_2_sorted_arrays.cpp">
      <Filter>001-100</Filter>
    </ClCompile>
    <ClCompile Include="005-palindrome.cpp">
      <Filter>001-100</Filter>
    </ClCompile>
    <ClCompile Include="006-zigzag_conversion.cpp">
      <Filter>001-100</Filter>
    </ClCompile>
    <ClCompile Include="007-reverse_integre.cpp">
      <Filter>001-100</Filter>
    </ClCompile>
    <ClCompile Include="008-string_to_integer.cpp">
      <Filter>001-100</Filter>
    </ClCompile>
    <ClCompile Include="009-palindrome_number.cpp">
      <Filter>001-100</Filter>
    </ClCompile>
    <ClCompile Include="010-regex_matching.cpp">
      <Filter>001-100</Filter>
    </ClCompile>
    <ClCompile Include="011-contain_most_water.cpp">
      <Filter>001-100</Filter>
    </ClCompile>
    <ClCompile Include="012-integre_to_roman.cpp">
      <Filter>001-100</Filter>
    </ClCompile>
    <ClCompile Include="013-roman_to_interger.cpp">
      <Filter>001-100</Filter>
    </ClCompile>
    <ClCompile Include="014-longest_common_prefix.cpp">
      <Filter>001-100</Filter>
    </ClCompile>
    <ClCompile Include="015-3_sum.cpp">
      <Filter>001-100</Filter>
    </ClCompile>
    <ClCompile Include="016-3_sum_closest.cpp">
      <Filter>001-100</Filter>
    </ClCompile>
    <ClCompile Include="017-letter_combinations.cpp">
      <Filter>001-100</Filter>
    </ClCompile>
    <ClCompile Include="018-k_sum.cpp">
      <Filter>001-100</Filter>
    </ClCompile>
    <ClCompile Include="019-rm_nth_node_backward.cpp">
      <Filter>001-100</Filter>
    </ClCompile>
    <ClCompile Include="020-valid_parentheses.cpp">
      <Filter>001-100</Filter>
    </ClCompile>
    <ClCompile Include="021-merge_2_sorted_lists.cpp">
      <Filter>001-100</Filter>
    </ClCompile>
    <ClCompile Include="022-gen_parenthesis.cpp">
      <Filter>001-100</Filter>
    </ClCompile>
    <ClCompile Include="023-merge_k_sorted_lists.cpp">
      <Filter>001-100</Filter>
    </ClCompile>
    <ClCompile Include="024-swap_nodes_in_pairs.cpp">
      <Filter>001-100</Filter>
    </ClCompile>
    <ClCompile Include="025-rev_nodes_in_k_gps.cpp">
      <Filter>001-100</Filter>
    </ClCompile>
    <ClCompile Include="026-rm_dups_in_sorted_array.cpp">
      <Filter>001-100</Filter>
    </ClCompile>
    <ClCompile Include="027-remove_if_eq.cpp">
      <Filter>001-100</Filter>
    </ClCompile>
    <ClCompile Include="028-strstr_kmp.cpp">
      <Filter>001-100</Filter>
    </ClCompile>
    <ClCompile Include="029-div_2_integers.cpp">
      <Filter>001-100</Filter>
    </ClCompile>
    <ClCompile Include="030-substr_with_words.cpp">
      <Filter>001-100</Filter>
    </ClCompile>
    <ClCompile Include="031-next_permutation.cpp">
      <Filter>001-100</Filter>
    </ClCompile>
    <ClCompile Include="032-longest_valid_parentheses.cpp">
      <Filter>001-100</Filter>
    </ClCompile>
    <ClCompile Include="033-find_in_rot_sorted_array.cpp">
      <Filter>001-100</Filter>
    </ClCompile>
    <ClCompile Include="034-binary_search.cpp">
      <Filter>001-100</Filter>
    </ClCompile>
    <ClCompile Include="035-find_insert_pos.cpp">
      <Filter>001-100</Filter>
    </ClCompile>
    <ClCompile Include="036-valid_sudoku.cpp">
      <Filter>001-100</Filter>
    </ClCompile>
    <ClCompile Include="037-solve_sudoku.cpp">
      <Filter>001-100</Filter>
    </ClCompile>
    <ClCompile Include="038-look_and_say.cpp">
      <Filter>001-100</Filter>
    </ClCompile>
    <ClCompile Include="039-combination_sum.cpp">
      <Filter>001-100</Filter>
    </ClCompile>
    <ClCompile Include="040-combination_sum2.cpp">
      <Filter>001-100</Filter>
    </ClCompile>
    <ClCompile Include="041-first_missing_positive.cpp">
      <Filter>001-100</Filter>
    </ClCompile>
    <ClCompile Include="042-trapping_rain_water.cpp">
      <Filter>001-100</Filter>
    </ClCompile>
    <ClCompile Include="043-multiply_string.cpp">
      <Filter>001-100</Filter>
    </ClCompile>
    <ClCompile Include="044-wildcard_matching.cpp">
      <Filter>001-100</Filter>
    </ClCompile>
    <ClCompile Include="045-jump_game2.cpp">
      <Filter>001-100</Filter>
    </ClCompile>
    <ClCompile Include="046-permutations.cpp">
      <Filter>001-100</Filter>
    </ClCompile>
    <ClCompile Include="047-permutations2.cpp">
      <Filter>001-100</Filter>
    </ClCompile>
    <ClCompile Include="048-rotate_image.cpp">
      <Filter>001-100</Filter>
    </ClCompile>
    <ClCompile Include="049-group_anagrams.cpp">
      <Filter>001-100</Filter>
    </ClCompile>
    <ClCompile Include="050-pow_x_n.cpp">
      <Filter>001-100</Filter>
    </ClCompile>
    <ClCompile Include="051-n_queens.cpp">
      <Filter>001-100</Filter>
    </ClCompile>
    <ClCompile Include="052-n_queens2.cpp">
      <Filter>001-100</Filter>
    </ClCompile>
    <ClCompile Include="053-max_subarray.cpp">
      <Filter>001-100</Filter>
    </ClCompile>
    <ClCompile Include="054-spiral_matrix.cpp">
      <Filter>001-100</Filter>
    </ClCompile>
    <ClCompile Include="055-jump_game.cpp">
      <Filter>001-100</Filter>
    </ClCompile>
    <ClCompile Include="056-merge_intervals.cpp">
      <Filter>001-100</Filter>
    </ClCompile>
    <ClCompile Include="057-insert_interval.cpp">
      <Filter>001-100</Filter>
    </ClCompile>
    <ClCompile Include="059-spiral_matrix_2.cpp">
      <Filter>001-100</Filter>
    </ClCompile>
    <ClCompile Include="061-rotate_list.cpp">
      <Filter>001-100</Filter>
    </ClCompile>
    <ClCompile Include="063-unique_paths.cpp">
      <Filter>001-100</Filter>
    </ClCompile>
    <ClCompile Include="064-min_path_sum.cpp">
      <Filter>001-100</Filter>
    </ClCompile>
    <ClCompile Include="067-add_binary.cpp">
      <Filter>001-100</Filter>
    </ClCompile>
    <ClCompile Include="072-edit_distance.cpp">
      <Filter>001-100</Filter>
    </ClCompile>
    <ClCompile Include="073-set_zeros.cpp">
      <Filter>001-100</Filter>
    </ClCompile>
    <ClCompile Include="074-search_matrix.cpp">
      <Filter>001-100</Filter>
    </ClCompile>
    <ClCompile Include="075-sort_colors.cpp">
      <Filter>001-100</Filter>
    </ClCompile>
    <ClCompile Include="077-combinations.cpp">
      <Filter>001-100</Filter>
    </ClCompile>
    <ClCompile Include="078-subsets.cpp">
      <Filter>001-100</Filter>
    </ClCompile>
    <ClCompile Include="079-word_search.cpp">
      <Filter>001-100</Filter>
    </ClCompile>
    <ClCompile Include="080-remove_duplicates_2.cpp">
      <Filter>001-100</Filter>
    </ClCompile>
    <ClCompile Include="083-find_in_rot_sorted_array_2.cpp">
      <Filter>001-100</Filter>
    </ClCompile>
    <ClCompile Include="084-large_rect_in_hist.cpp">
      <Filter>001-100</Filter>
    </ClCompile>
    <ClCompile Include="085-max_rect.cpp">
      <Filter>001-100</Filter>
    </ClCompile>
    <ClCompile Include="088-merge_sorted_array.cpp">
      <Filter>001-100</Filter>
    </ClCompile>
    <ClCompile Include="090-subsets_2.cpp">
      <Filter>001-100</Filter>
    </ClCompile>
    <ClCompile Include="091-decode_ways.cpp">
      <Filter>001-100</Filter>
    </ClCompile>
    <ClCompile Include="093-restore_ip_addresses.cpp">
      <Filter>001-100</Filter>
    </ClCompile>
    <ClCompile Include="096-unique_bst.cpp">
      <Filter>001-100</Filter>
    </ClCompile>
    <ClCompile Include="115-distinct_subseq.cpp">
      <Filter>101-200</Filter>
    </ClCompile>
    <ClCompile Include="119-pascal_triangle.cpp">
      <Filter>101-200</Filter>
    </ClCompile>
    <ClCompile Include="121-buy_sell_stock.cpp">
      <Filter>101-200</Filter>
    </ClCompile>
    <ClCompile Include="130-surrounded_regions.cpp">
      <Filter>101-200</Filter>
    </ClCompile>
    <ClCompile Include="137-single_number.cpp">
      <Filter>101-200</Filter>
    </ClCompile>
    <ClCompile Include="139-word_break.cpp">
      <Filter>101-200</Filter>
    </ClCompile>
    <ClCompile Include="143-reorder_list.cpp">
      <Filter>101-200</Filter>
    </ClCompile>
    <ClCompile Include="146-lru-cache.cpp">
      <Filter>101-200</Filter>
    </ClCompile>
    <ClCompile Include="149-max_points_on_line.cpp">
      <Filter>101-200</Filter>
    </ClCompile>
    <ClCompile Include="150-eval_prn.cpp">
      <Filter>101-200</Filter>
    </ClCompile>
    <ClCompile Include="151-reverse_words.cpp">
      <Filter>101-200</Filter>
    </ClCompile>
    <ClCompile Include="152-max_product_subarray.cpp">
      <Filter>101-200</Filter>
    </ClCompile>
    <ClCompile Include="154-find_min_in_rot_array.cpp">
      <Filter>101-200</Filter>
    </ClCompile>
    <ClCompile Include="162-find_peak_elem.cpp">
      <Filter>101-200</Filter>
    </ClCompile>
    <ClCompile Include="164-max_gap.cpp">
      <Filter>101-200</Filter>
    </ClCompile>
    <ClCompile Include="165-cmp_version.cpp">
      <Filter>101-200</Filter>
    </ClCompile>
    <ClCompile Include="166-frac_to_dec.cpp">
      <Filter>101-200</Filter>
    </ClCompile>
    <ClCompile Include="168-excel_col_title.cpp">
      <Filter>101-200</Filter>
    </ClCompile>
    <ClCompile Include="169-majority_elem.cpp">
      <Filter>101-200</Filter>
    </ClCompile>
    <ClCompile Include="179-largest_number.cpp">
      <Filter>101-200</Filter>
    </ClCompile>
    <ClCompile Include="188-buy_sell_stock.cpp">
      <Filter>101-200</Filter>
    </ClCompile>
    <ClCompile Include="198-house_robber.cpp">
      <Filter>101-200</Filter>
    </ClCompile>
    <ClCompile Include="200-num_of_islands.cpp">
      <Filter>101-200</Filter>
    </ClCompile>
    <ClCompile Include="201-bit_and_range.cpp">
      <Filter>201-300</Filter>
    </ClCompile>
    <ClCompile Include="202-happy_num.cpp">
      <Filter>201-300</Filter>
    </ClCompile>
    <ClCompile Include="204-count_primes.cpp">
      <Filter>201-300</Filter>
    </ClCompile>
    <ClCompile Include="205-isomorphic_string.cpp">
      <Filter>201-300</Filter>
    </ClCompile>
    <ClCompile Include="213-house_robber_2.cpp">
      <Filter>201-300</Filter>
    </ClCompile>
    <ClCompile Include="227-basic_calculator_2.cpp">
      <Filter>201-300</Filter>
    </ClCompile>
    <ClCompile Include="220-contains_duplicate_3.cpp">
      <Filter>201-300</Filter>
    </ClCompile>
    <ClCompile Include="216-combination_sum_3.cpp">
      <Filter>201-300</Filter>
    </ClCompile>
    <ClCompile Include="214-shortest_palindrome.cpp">
      <Filter>201-300</Filter>
    </ClCompile>
    <ClCompile Include="212-word_search_2.cpp">
      <Filter>201-300</Filter>
    </ClCompile>
    <ClCompile Include="210-course_schedule_2.cpp">
      <Filter>201-300</Filter>
    </ClCompile>
    <ClCompile Include="221-max_square.cpp">
      <Filter>201-300</Filter>
    </ClCompile>
    <ClCompile Include="228-summary_ranges.cpp">
      <Filter>201-300</Filter>
    </ClCompile>
    <ClCompile Include="223-rect_area.cpp">
      <Filter>201-300</Filter>
    </ClCompile>
    <ClCompile Include="295-median_in_stream.cpp">
      <Filter>201-300</Filter>
    </ClCompile>
    <ClCompile Include="229-majority_elem_2.cpp">
      <Filter>201-300</Filter>
    </ClCompile>
    <ClCompile Include="238-product_except_self.cpp">
      <Filter>201-300</Filter>
    </ClCompile>
    <ClCompile Include="233-num_of_digit_1.cpp">
      <Filter>201-300</Filter>
    </ClCompile>
    <ClCompile Include="260-single_number_3.cpp">
      <Filter>201-300</Filter>
    </ClCompile>
    <ClCompile Include="264-ugly_num_2.cpp">
      <Filter>201-300</Filter>
    </ClCompile>
    <ClCompile Include="300-longest_inc_subseq.cpp">
      <Filter>201-300</Filter>
    </ClCompile>
    <ClCompile Include="287-find_dup_num.cpp">
      <Filter>201-300</Filter>
    </ClCompile>
    <ClCompile Include="279-prefer_squares.cpp">
      <Filter>201-300</Filter>
    </ClCompile>
    <ClCompile Include="278-first_bad_version.cpp">
      <Filter>201-300</Filter>
    </ClCompile>
    <ClCompile Include="274-h_index.cpp">
      <Filter>201-300</Filter>
    </ClCompile>
    <ClCompile Include="268-missing_num.cpp">
      <Filter>201-300</Filter>
    </ClCompile>
    <ClCompile Include="301-rm_invalid_().cpp">
      <Filter>301-400</Filter>
    </ClCompile>
    <ClCompile Include="060-permutation_sequence.cpp">
      <Filter>001-100</Filter>
    </ClCompile>
    <ClCompile Include="076-min_win_substr.cpp">
      <Filter>001-100</Filter>
    </ClCompile>
    <ClCompile Include="128-long_consecutive_seq.cpp">
      <Filter>101-200</Filter>
    </ClCompile>
    <ClCompile Include="131-palindrome_part.cpp">
      <Filter>101-200</Filter>
    </ClCompile>
    <ClCompile Include="132-palindrome_part_2.cpp">
      <Filter>101-200</Filter>
    </ClCompile>
    <ClCompile Include="134-gas_station.cpp">
      <Filter>101-200</Filter>
    </ClCompile>
    <ClCompile Include="135-candy.cpp">
      <Filter>101-200</Filter>
    </ClCompile>
    <ClCompile Include="155-min_stack.cpp">
      <Filter>101-200</Filter>
    </ClCompile>
    <ClCompile Include="174-dungeon_game.cpp">
      <Filter>101-200</Filter>
    </ClCompile>
    <ClCompile Include="187-repeated_dna_seq.cpp">
      <Filter>101-200</Filter>
    </ClCompile>
    <ClCompile Include="224-basic_calculator.cpp">
      <Filter>201-300</Filter>
    </ClCompile>
    <ClCompile Include="258-add_digits.cpp">
      <Filter>201-300</Filter>
    </ClCompile>
    <ClCompile Include="240-search_2d_matrix_2.cpp">
      <Filter>201-300</Filter>
    </ClCompile>
    <ClCompile Include="239-slide_window_max.cpp">
      <Filter>201-300</Filter>
    </ClCompile>
    <ClCompile Include="304-range_sum_2.cpp">
      <Filter>301-400</Filter>
    </ClCompile>
    <ClCompile Include="306-additive_num.cpp">
      <Filter>301-400</Filter>
    </ClCompile>
    <ClCompile Include="310-min_height_trees.cpp">
      <Filter>301-400</Filter>
    </ClCompile>
    <ClCompile Include="312-burst_balloons.cpp">
      <Filter>301-400</Filter>
    </ClCompile>
    <ClCompile Include="315-count_smaller.cpp">
      <Filter>301-400</Filter>
    </ClCompile>
    <ClCompile Include="313-super_ugly_num.cpp">
      <Filter>301-400</Filter>
    </ClCompile>
    <ClCompile Include="316-rm_dup_letter.cpp">
      <Filter>301-400</Filter>
    </ClCompile>
    <ClCompile Include="318-max_product.cpp">
      <Filter>301-400</Filter>
    </ClCompile>
    <ClCompile Include="319-bulb_switcher.cpp">
      <Filter>301-400</Filter>
    </ClCompile>
    <ClCompile Include="321-create_max_num.cpp">
      <Filter>301-400</Filter>
    </ClCompile>
    <ClCompile Include="322-coin_change.cpp">
      <Filter>301-400</Filter>
    </ClCompile>
    <ClCompile Include="324-wiggle_sort_2.cpp">
      <Filter>301-400</Filter>
    </ClCompile>
    <ClCompile Include="328-odd_even_list.cpp">
      <Filter>301-400</Filter>
    </ClCompile>
    <ClCompile Include="329-long_inc_path.cpp">
      <Filter>301-400</Filter>
    </ClCompile>
    <ClCompile Include="330-patch_array.cpp">
      <Filter>301-400</Filter>
    </ClCompile>
    <ClCompile Include="334-inc_triple.cpp">
      <Filter>301-400</Filter>
    </ClCompile>
    <ClCompile Include="335-selft_crossing.cpp">
      <Filter>301-400</Filter>
    </ClCompile>
    <ClCompile Include="327-count_range_sum.cpp">
      <Filter>301-400</Filter>
    </ClCompile>
    <ClCompile Include="336-palindrome_pairs.cpp">
      <Filter>301-400</Filter>
    </ClCompile>
    <ClCompile Include="337-house_robber_3.cpp">
      <Filter>301-400</Filter>
    </ClCompile>
    <ClCompile Include="338-count_bits.cpp">
      <Filter>301-400</Filter>
    </ClCompile>
    <ClCompile Include="343-integer_break.cpp">
      <Filter>301-400</Filter>
    </ClCompile>
    <ClCompile Include="352-disjoint_intervals.cpp">
      <Filter>301-400</Filter>
    </ClCompile>
    <ClCompile Include="354-russian_doll_envelopes.cpp">
      <Filter>301-400</Filter>
    </ClCompile>
    <ClCompile Include="357-nums_with_unique_digits.cpp">
      <Filter>301-400</Filter>
    </ClCompile>
    <ClCompile Include="363-max_sum_no_larger_k.cpp">
      <Filter>301-400</Filter>
    </ClCompile>
    <ClCompile Include="365-water_jug_problem.cpp">
      <Filter>301-400</Filter>
    </ClCompile>
    <ClCompile Include="372-superpow.cpp">
      <Filter>301-400</Filter>
    </ClCompile>
    <ClCompile Include="373-k_samllest_sum.cpp">
      <Filter>301-400</Filter>
    </ClCompile>
    <ClCompile Include="375-guess_num_2.cpp">
      <Filter>301-400</Filter>
    </ClCompile>
    <ClCompile Include="376-wiggle_subseq.cpp">
      <Filter>301-400</Filter>
    </ClCompile>
    <ClCompile Include="386-lexicoal_order_num.cpp">
      <Filter>301-400</Filter>
    </ClCompile>
    <ClCompile Include="387-first_unique_char.cpp">
      <Filter>301-400</Filter>
    </ClCompile>
    <ClCompile Include="389-find_diff_char.cpp">
      <Filter>301-400</Filter>
    </ClCompile>
    <ClCompile Include="390-elimination_game.cpp">
      <Filter>301-400</Filter>
    </ClCompile>
    <ClCompile Include="377-combination_num_4.cpp">
      <Filter>301-400</Filter>
    </ClCompile>
    <ClCompile Include="378-kth_small_elem_in_sorted_matrix.cpp">
      <Filter>301-400</Filter>
    </ClCompile>
    <ClCompile Include="383-ransom_note.cpp">
      <Filter>301-400</Filter>
    </ClCompile>
    <ClCompile Include="384-shuffle_an_array.cpp">
      <Filter>301-400</Filter>
    </ClCompile>
    <ClCompile Include="392-is_subsequence.cpp">
      <Filter>301-400</Filter>
    </ClCompile>
    <ClCompile Include="394-decode_string.cpp">
      <Filter>301-400</Filter>
    </ClCompile>
    <ClCompile Include="395-longest_substr_least_k_rep_char.cpp">
      <Filter>301-400</Filter>
    </ClCompile>
    <ClCompile Include="396-rotate_func.cpp">
      <Filter>301-400</Filter>
    </ClCompile>
    <ClCompile Include="400-nth_digit.cpp">
      <Filter>301-400</Filter>
    </ClCompile>
    <ClCompile Include="397-int_replacement.cpp">
      <Filter>301-400</Filter>
    </ClCompile>
    <ClCompile Include="398-random_pick_idx.cpp">
      <Filter>301-400</Filter>
    </ClCompile>
    <ClCompile Include="401-binary_watch.cpp">
      <Filter>401-500</Filter>
    </ClCompile>
    <ClCompile Include="483-smallest_base.cpp">
      <Filter>401-500</Filter>
    </ClCompile>
    <ClCompile Include="402-remove_k_digits.cpp">
      <Filter>401-500</Filter>
    </ClCompile>
    <ClCompile Include="403-frog_jump.cpp">
      <Filter>401-500</Filter>
    </ClCompile>
    <ClCompile Include="404-sum_of_left_leaves.cpp">
      <Filter>401-500</Filter>
    </ClCompile>
    <ClCompile Include="405-num2hex.cpp">
      <Filter>401-500</Filter>
    </ClCompile>
    <ClCompile Include="406-queue_recon_by_height.cpp">
      <Filter>401-500</Filter>
    </ClCompile>
    <ClCompile Include="407-trap_rain_water.cpp">
      <Filter>401-500</Filter>
    </ClCompile>
    <ClCompile Include="409-longest_palindrome.cpp">
      <Filter>401-500</Filter>
    </ClCompile>
    <ClCompile Include="410-split_array_large_sum.cpp">
      <Filter>401-500</Filter>
    </ClCompile>
    <ClCompile Include="412-fizz_buzz.cpp">
      <Filter>401-500</Filter>
    </ClCompile>
    <ClCompile Include="413-arithmetic_slices.cpp">
      <Filter>401-500</Filter>
    </ClCompile>
    <ClCompile Include="414-third_max_num.cpp">
      <Filter>401-500</Filter>
    </ClCompile>
    <ClCompile Include="415-add_string.cpp">
      <Filter>401-500</Filter>
    </ClCompile>
    <ClCompile Include="416-part_equal_subset_sum.cpp">
      <Filter>401-500</Filter>
    </ClCompile>
    <ClCompile Include="419-battleships_in_board.cpp">
      <Filter>401-500</Filter>
    </ClCompile>
    <ClCompile Include="421-max_xor_num.cpp">
      <Filter>401-500</Filter>
    </ClCompile>
    <ClCompile Include="423-recon_digit_from_en.cpp">
      <Filter>401-500</Filter>
    </ClCompile>
    <ClCompile Include="424-long_rep_char_replace.cpp">
      <Filter>401-500</Filter>
    </ClCompile>
    <ClCompile Include="429-n_ary_level_travel.cpp">
      <Filter>401-500</Filter>
    </ClCompile>
    <ClCompile Include="434-num_of_seg_in_str.cpp">
      <Filter>401-500</Filter>
    </ClCompile>
    <ClCompile Include="435-non_overlap_intervals.cpp">
      <Filter>401-500</Filter>
    </ClCompile>
    <ClCompile Include="436-find_right_interval.cpp">
      <Filter>401-500</Filter>
    </ClCompile>
    <ClCompile Include="438-find_anagram_in_str.cpp">
      <Filter>401-500</Filter>
    </ClCompile>
    <ClCompile Include="440-kth_lexical_num.cpp">
      <Filter>401-500</Filter>
    </ClCompile>
    <ClCompile Include="441-arrange_coins.cpp">
      <Filter>401-500</Filter>
    </ClCompile>
    <ClCompile Include="442-find_all_duplicates.cpp">
      <Filter>401-500</Filter>
    </ClCompile>
    <ClCompile Include="446-arithmetic_subseq.cpp">
      <Filter>401-500</Filter>
    </ClCompile>
    <ClCompile Include="448-find_all_disappeared.cpp">
      <Filter>401-500</Filter>
    </ClCompile>
    <ClCompile Include="451-sort_char_by_freq.cpp">
      <Filter>401-500</Filter>
    </ClCompile>
    <ClCompile Include="452-min_arrow_burst_balloon.cpp">
      <Filter>401-500</Filter>
    </ClCompile>
    <ClCompile Include="453-min_move_to_equal.cpp">
      <Filter>401-500</Filter>
    </ClCompile>
    <ClCompile Include="454-assign_cookies.cpp">
      <Filter>401-500</Filter>
    </ClCompile>
    <ClCompile Include="456-132_pattern.cpp">
      <Filter>401-500</Filter>
    </ClCompile>
    <ClCompile Include="457-circular_array_loop.cpp">
      <Filter>401-500</Filter>
    </ClCompile>
    <ClCompile Include="458-poor_pigs.cpp">
      <Filter>401-500</Filter>
    </ClCompile>
    <ClCompile Include="459-rep_substr_pattern.cpp">
      <Filter>401-500</Filter>
    </ClCompile>
    <ClCompile Include="461-hamming_distance.cpp">
      <Filter>401-500</Filter>
    </ClCompile>
    <ClCompile Include="462-min_move_to_euqal_2.cpp">
      <Filter>401-500</Filter>
    </ClCompile>
    <ClCompile Include="463-island_perimeter.cpp">
      <Filter>401-500</Filter>
    </ClCompile>
    <ClCompile Include="464-can_I_win.cpp">
      <Filter>401-500</Filter>
    </ClCompile>
    <ClCompile Include="467-unique_sub_in_wrap_str.cpp">
      <Filter>401-500</Filter>
    </ClCompile>
    <ClCompile Include="473-matchsticks.cpp">
      <Filter>401-500</Filter>
    </ClCompile>
    <ClCompile Include="474-ones_and_zeroes.cpp">
      <Filter>401-500</Filter>
    </ClCompile>
    <ClCompile Include="475-heaters.cpp">
      <Filter>401-500</Filter>
    </ClCompile>
    <ClCompile Include="476-num_complement.cpp">
      <Filter>401-500</Filter>
    </ClCompile>
    <ClCompile Include="477-total_hamming_dist.cpp">
      <Filter>401-500</Filter>
    </ClCompile>
    <ClCompile Include="478-rand_point_in_circle.cpp">
      <Filter>401-500</Filter>
    </ClCompile>
    <ClCompile Include="481-magical_string.cpp">
      <Filter>401-500</Filter>
    </ClCompile>
    <ClCompile Include="482-license_key_format.cpp">
      <Filter>401-500</Filter>
    </ClCompile>
    <ClCompile Include="485-max_cont_ones.cpp">
      <Filter>401-500</Filter>
    </ClCompile>
    <ClCompile Include="486-predict_the_winner.cpp">
      <Filter>401-500</Filter>
    </ClCompile>
    <ClCompile Include="491-increasing_seq.cpp">
      <Filter>401-500</Filter>
    </ClCompile>
    <ClCompile Include="492-construct_the_rect.cpp">
      <Filter>401-500</Filter>
    </ClCompile>
    <ClCompile Include="493-reverse_pairs.cpp">
      <Filter>401-500</Filter>
    </ClCompile>
    <ClCompile Include="494-target_sum.cpp">
      <Filter>401-500</Filter>
    </ClCompile>
    <ClCompile Include="495-teemo_attacking.cpp">
      <Filter>401-500</Filter>
    </ClCompile>
    <ClCompile Include="496-next_greater_elem_1.cpp">
      <Filter>401-500</Filter>
    </ClCompile>
    <ClCompile Include="497-radom_pt_in_rects.cpp">
      <Filter>401-500</Filter>
    </ClCompile>
    <ClCompile Include="498-diag_traverse.cpp">
      <Filter>401-500</Filter>
    </ClCompile>
    <ClCompile Include="500-keyboard_row.cpp">
      <Filter>401-500</Filter>
    </ClCompile>
    <ClCompile Include="502-ipo.cpp">
      <Filter>501-600</Filter>
    </ClCompile>
    <ClCompile Include="503-next_greater_elem_2.cpp">
      <Filter>501-600</Filter>
    </ClCompile>
    <ClCompile Include="504-base_7.cpp">
      <Filter>501-600</Filter>
    </ClCompile>
    <ClCompile Include="506-relative_ranks.cpp">
      <Filter>501-600</Filter>
    </ClCompile>
    <ClCompile Include="507-prefect_num.cpp">
      <Filter>501-600</Filter>
    </ClCompile>
    <ClCompile Include="509-fibonacci.cpp">
      <Filter>501-600</Filter>
    </ClCompile>
    <ClCompile Include="516-longest_palindromic_subseq.cpp">
      <Filter>501-600</Filter>
    </ClCompile>
    <ClCompile Include="517-super_washing_machines.cpp">
      <Filter>501-600</Filter>
    </ClCompile>
    <ClCompile Include="518-coin_change_2.cpp">
      <Filter>501-600</Filter>
    </ClCompile>
    <ClCompile Include="519-random_flip_matrix.cpp">
      <Filter>501-600</Filter>
    </ClCompile>
    <ClCompile Include="520-detect_capital.cpp">
      <Filter>501-600</Filter>
    </ClCompile>
    <ClCompile Include="523-cont_subarray_sum.cpp">
      <Filter>501-600</Filter>
    </ClCompile>
    <ClCompile Include="525-contiguous_array.cpp">
      <Filter>501-600</Filter>
    </ClCompile>
    <ClCompile Include="526-beautiful_arrangement.cpp">
      <Filter>501-600</Filter>
    </ClCompile>
    <ClCompile Include="528-random_pick_weight.cpp">
      <Filter>501-600</Filter>
    </ClCompile>
    <ClCompile Include="532-k_diff_pairs.cpp">
      <Filter>501-600</Filter>
    </ClCompile>
    <ClCompile Include="540-single_elem_in_sorted_array.cpp">
      <Filter>501-600</Filter>
    </ClCompile>
    <ClCompile Include="551-student_attendance_1.cpp">
      <Filter>501-600</Filter>
    </ClCompile>
    <ClCompile Include="552-student_attendance_2.cpp">
      <Filter>501-600</Filter>
    </ClCompile>
    <ClCompile Include="553-optimal_division.cpp">
      <Filter>501-600</Filter>
    </ClCompile>
    <ClCompile Include="556-next_greater_elem_3.cpp">
      <Filter>501-600</Filter>
    </ClCompile>
    <ClCompile Include="557-reverse_words_in_string_3.cpp">
      <Filter>501-600</Filter>
    </ClCompile>
    <ClCompile Include="560-subarray_sum_equal_k.cpp">
      <Filter>501-600</Filter>
    </ClCompile>
    <ClCompile Include="561-array_partition_1.cpp">
      <Filter>501-600</Filter>
    </ClCompile>
    <ClCompile Include="564-closest_palindrome.cpp">
      <Filter>501-600</Filter>
    </ClCompile>
    <ClCompile Include="565-array_nesting.cpp">
      <Filter>501-600</Filter>
    </ClCompile>
    <ClCompile Include="567-permutation_in_string.cpp">
      <Filter>501-600</Filter>
    </ClCompile>
    <ClCompile Include="581-shortest_unsorted_cont_subary.cpp">
      <Filter>501-600</Filter>
    </ClCompile>
    <ClCompile Include="582-del_op_for_2_string.cpp">
      <Filter>501-600</Filter>
    </ClCompile>
    <ClCompile Include="307-range_sum_query.cpp">
      <Filter>301-400</Filter>
    </ClCompile>
    <ClCompile Include="593-valid_square.cpp">
      <Filter>501-600</Filter>
    </ClCompile>
    <ClCompile Include="600-non_neg_int_without_cont_1.cpp">
      <Filter>501-600</Filter>
    </ClCompile>
    <ClCompile Include="594-long_harmonious_subseq.cpp">
      <Filter>501-600</Filter>
    </ClCompile>
    <ClCompile Include="587-erect_the_fence.cpp">
      <Filter>501-600</Filter>
    </ClCompile>
    <ClCompile Include="639-decode_ways_2.cpp">
      <Filter>601-700</Filter>
    </ClCompile>
    <ClCompile Include="605-can_place_flower.cpp">
      <Filter>601-700</Filter>
    </ClCompile>
    <ClCompile Include="611-valid_triangle_number.cpp">
      <Filter>601-700</Filter>
    </ClCompile>
    <ClCompile Include="621-task_scheduler.cpp">
      <Filter>601-700</Filter>
    </ClCompile>
    <ClCompile Include="622-design_circular_queue.cpp">
      <Filter>601-700</Filter>
    </ClCompile>
    <ClCompile Include="628-max_product_3_num.cpp">
      <Filter>601-700</Filter>
    </ClCompile>
    <ClCompile Include="629-k_inverse_pairs_array.cpp">
      <Filter>601-700</Filter>
    </ClCompile>
    <ClCompile Include="630-course_schedule_3.cpp">
      <Filter>601-700</Filter>
    </ClCompile>
    <ClCompile Include="632-small_range_cover_k_lists.cpp">
      <Filter>601-700</Filter>
    </ClCompile>
    <ClCompile Include="633-sum_of_square_num.cpp">
      <Filter>601-700</Filter>
    </ClCompile>
    <ClCompile Include="636-exclusive_time_of_func.cpp">
      <Filter>601-700</Filter>
    </ClCompile>
    <ClCompile Include="638-shopping_offers.cpp">
      <Filter>601-700</Filter>
    </ClCompile>
    <ClCompile Include="641-design_circular_deque.cpp">
      <Filter>601-700</Filter>
    </ClCompile>
    <ClCompile Include="643-max_average_subary_1.cpp">
      <Filter>601-700</Filter>
    </ClCompile>
    <ClCompile Include="645-set_mismatch.cpp">
      <Filter>601-700</Filter>
    </ClCompile>
    <ClCompile Include="646-max_len_of_pair_chain.cpp">
      <Filter>601-700</Filter>
    </ClCompile>
    <ClCompile Include="647-palindromic_substrings.cpp">
      <Filter>601-700</Filter>
    </ClCompile>
    <ClCompile Include="649-dota2_senate.cpp">
      <Filter>601-700</Filter>
    </ClCompile>
    <ClCompile Include="650-2_keys_keyboard.cpp">
      <Filter>601-700</Filter>
    </ClCompile>
    <ClCompile Include="657-robot_return_to_origin.cpp">
      <Filter>601-700</Filter>
    </ClCompile>
    <ClCompile Include="658-find_k_closet_elem.cpp">
      <Filter>601-700</Filter>
    </ClCompile>
    <ClCompile Include="659-split_array_cons_subseq.cpp">
      <Filter>601-700</Filter>
    </ClCompile>
    <ClCompile Include="664-strange_printer.cpp">
      <Filter>601-700</Filter>
    </ClCompile>
    <ClCompile Include="665-non_decreasing_array.cpp">
      <Filter>601-700</Filter>
    </ClCompile>
    <ClCompile Include="667-beautiful_arrangement_2.cpp">
      <Filter>601-700</Filter>
    </ClCompile>
    <ClCompile Include="668-kth_smallest_in_mul_tab.cpp">
      <Filter>601-700</Filter>
    </ClCompile>
    <ClCompile Include="670-maximum_swap.cpp">
      <Filter>601-700</Filter>
    </ClCompile>
    <ClCompile Include="672-bulb_switcher_2.cpp">
      <Filter>601-700</Filter>
    </ClCompile>
    <ClCompile Include="673-num_of_LIS.cpp">
      <Filter>601-700</Filter>
    </ClCompile>
    <ClCompile Include="674-long_cont_inc_subseq.cpp">
      <Filter>601-700</Filter>
    </ClCompile>
    <ClCompile Include="675-cut_off_trees.cpp">
      <Filter>601-700</Filter>
    </ClCompile>
    <ClCompile Include="676-magic_dictionary.cpp">
      <Filter>601-700</Filter>
    </ClCompile>
    <ClCompile Include="677-map_sum_pairs.cpp">
      <Filter>601-700</Filter>
    </ClCompile>
    <ClCompile Include="678-valid_parenthesis_string.cpp">
      <Filter>601-700</Filter>
    </ClCompile>
    <ClCompile Include="679-24_game.cpp">
      <Filter>601-700</Filter>
    </ClCompile>
    <ClCompile Include="680-valid_palindrome_2.cpp">
      <Filter>601-700</Filter>
    </ClCompile>
    <ClCompile Include="682-baseball_game.cpp">
      <Filter>601-700</Filter>
    </ClCompile>
    <ClCompile Include="684-redundant_connection.cpp">
      <Filter>601-700</Filter>
    </ClCompile>
    <ClCompile Include="685-redundant_connection_2.cpp">
      <Filter>601-700</Filter>
    </ClCompile>
    <ClCompile Include="686-repeated_string_match.cpp">
      <Filter>601-700</Filter>
    </ClCompile>
    <ClCompile Include="689-max_sum_3_sub_array.cpp">
      <Filter>601-700</Filter>
    </ClCompile>
    <ClCompile Include="690-employee_importance.cpp">
      <Filter>601-700</Filter>
    </ClCompile>
    <ClCompile Include="691-stickers_to_spell_word.cpp">
      <Filter>601-700</Filter>
    </ClCompile>
    <ClCompile Include="692-top_k_frequent_words.cpp">
      <Filter>601-700</Filter>
    </ClCompile>
    <ClCompile Include="693-binary_num_alt_bit.cpp">
      <Filter>601-700</Filter>
    </ClCompile>
    <ClCompile Include="695-max_area_of_island.cpp">
      <Filter>601-700</Filter>
    </ClCompile>
    <ClCompile Include="696-count_binary_substr.cpp">
      <Filter>601-700</Filter>
    </ClCompile>
    <ClCompile Include="698-k_equal_sum_subset.cpp">
      <Filter>601-700</Filter>
    </ClCompile>
    <ClCompile Include="700-search_in_bst.cpp">
      <Filter>601-700</Filter>
    </ClCompile>
    <ClCompile Include="218-skyline_problem.cpp">
      <Filter>201-300</Filter>
    </ClCompile>
    <ClCompile Include="736-parse_lisp_expr.cpp">
      <Filter>701-800</Filter>
    </ClCompile>
    <ClCompile Include="703-kth_largest_elem.cpp">
      <Filter>701-800</Filter>
    </ClCompile>
    <ClCompile Include="704-binary_search.cpp">
      <Filter>701-800</Filter>
    </ClCompile>
    <ClCompile Include="710-random_with_blacklist.cpp">
      <Filter>701-800</Filter>
    </ClCompile>
    <ClCompile Include="712-min_ascii_delete.cpp">
      <Filter>701-800</Filter>
    </ClCompile>
    <ClCompile Include="713-subarray_product_less_k.cpp">
      <Filter>701-800</Filter>
    </ClCompile>
    <ClCompile Include="714-buy_sell_stock_with_fee.cpp">
      <Filter>701-800</Filter>
    </ClCompile>
    <ClCompile Include="715-range_module.cpp">
      <Filter>701-800</Filter>
    </ClCompile>
    <ClCompile Include="717-1bit_2bit_characters.cpp">
      <Filter>701-800</Filter>
    </ClCompile>
    <ClCompile Include="718-max_len_of_rep_subarray.cpp">
      <Filter>701-800</Filter>
    </ClCompile>
    <ClCompile Include="719-kth_small_pair.cpp">
      <Filter>701-800</Filter>
    </ClCompile>
    <ClCompile Include="720-remove_comments.cpp">
      <Filter>701-800</Filter>
    </ClCompile>
    <ClCompile Include="724-pivot_index.cpp">
      <Filter>701-800</Filter>
    </ClCompile>
    <ClCompile Include="728-self_divide_number.cpp">
      <Filter>701-800</Filter>
    </ClCompile>
    <ClCompile Include="730-diff_palindromic_subseq.cpp">
      <Filter>701-800</Filter>
    </ClCompile>
    <ClCompile Include="732-my_calendar.cpp">
      <Filter>701-800</Filter>
    </ClCompile>
    <ClCompile Include="733-flood_fill.cpp">
      <Filter>701-800</Filter>
    </ClCompile>
    <ClCompile Include="735-asteroid_collision.cpp">
      <Filter>701-800</Filter>
    </ClCompile>
    <ClCompile Include="738-monotone_increasing_digits.cpp">
      <Filter>701-800</Filter>
    </ClCompile>
    <ClCompile Include="739-daily_temperatures.cpp">
      <Filter>701-800</Filter>
    </ClCompile>
    <ClCompile Include="740-delete_and_earn.cpp">
      <Filter>701-800</Filter>
    </ClCompile>
    <ClCompile Include="741-cherry_pickup.cpp">
      <Filter>701-800</Filter>
    </ClCompile>
    <ClCompile Include="743-network_delay_time.cpp">
      <Filter>701-800</Filter>
    </ClCompile>
    <ClCompile Include="744-small_letter_target.cpp">
      <Filter>701-800</Filter>
    </ClCompile>
    <ClCompile Include="745-prefix_suffix_search.cpp">
      <Filter>701-800</Filter>
    </ClCompile>
    <ClCompile Include="746-min_cost_climb_stairs.cpp">
      <Filter>701-800</Filter>
    </ClCompile>
    <ClCompile Include="747-largest_num_twice_others.cpp">
      <Filter>701-800</Filter>
    </ClCompile>
    <ClCompile Include="748-short_completing_word.cpp">
      <Filter>701-800</Filter>
    </ClCompile>
    <ClCompile Include="752-open_the_lock.cpp">
      <Filter>701-800</Filter>
    </ClCompile>
    <ClCompile Include="753-cracking_the_safe.cpp">
      <Filter>701-800</Filter>
    </ClCompile>
    <ClCompile Include="754-reach_a_number.cpp">
      <Filter>701-800</Filter>
    </ClCompile>
    <ClCompile Include="757-set_intersection_two.cpp">
      <Filter>701-800</Filter>
    </ClCompile>
    <ClCompile Include="761-spatial_binary_string.cpp">
      <Filter>701-800</Filter>
    </ClCompile>
    <ClCompile Include="762-prime_num_set_bits.cpp">
      <Filter>701-800</Filter>
    </ClCompile>
    <ClCompile Include="763-partition_labels.cpp">
      <Filter>701-800</Filter>
    </ClCompile>
    <ClCompile Include="764-largest_plus_sign.cpp">
      <Filter>701-800</Filter>
    </ClCompile>
    <ClCompile Include="765-couples_holding_hands.cpp">
      <Filter>701-800</Filter>
    </ClCompile>
    <ClCompile Include="766-toeplitz_matrix.cpp">
      <Filter>701-800</Filter>
    </ClCompile>
    <ClCompile Include="767-reorganize_string.cpp">
      <Filter>701-800</Filter>
    </ClCompile>
    <ClCompile Include="769-max_chunks_to_make_sorted.cpp">
      <Filter>701-800</Filter>
    </ClCompile>
    <ClCompile Include="771-jewels_and_stones.cpp">
      <Filter>701-800</Filter>
    </ClCompile>
    <ClCompile Include="775-global_local_inversions.cpp">
      <Filter>701-800</Filter>
    </ClCompile>
    <ClCompile Include="777-swap_adj_LR_string.cpp">
      <Filter>701-800</Filter>
    </ClCompile>
    <ClCompile Include="778-swim_in_rising_water.cpp">
      <Filter>701-800</Filter>
    </ClCompile>
    <ClCompile Include="779-kth_symbol_in_grammar.cpp">
      <Filter>701-800</Filter>
    </ClCompile>
    <ClCompile Include="780-reaching_points.cpp">
      <Filter>701-800</Filter>
    </ClCompile>
    <ClCompile Include="781-rabbits_in_forest.cpp">
      <Filter>701-800</Filter>
    </ClCompile>
    <ClCompile Include="782-transform_to_chessboard.cpp">
      <Filter>701-800</Filter>
    </ClCompile>
    <ClCompile Include="784-letter_case_permutation.cpp">
      <Filter>701-800</Filter>
    </ClCompile>
    <ClCompile Include="785-is_graph_bipartite.cpp">
      <Filter>701-800</Filter>
    </ClCompile>
    <ClCompile Include="786-kth_smallest_prime_frac.cpp">
      <Filter>701-800</Filter>
    </ClCompile>
    <ClCompile Include="787-cheapest_flights_k_stops.cpp">
      <Filter>701-800</Filter>
    </ClCompile>
    <ClCompile Include="788-rotated_digits.cpp">
      <Filter>701-800</Filter>
    </ClCompile>
    <ClCompile Include="789-escape_ghosts.cpp">
      <Filter>701-800</Filter>
    </ClCompile>
    <ClCompile Include="790-domino_tromino_tiling.cpp">
      <Filter>701-800</Filter>
    </ClCompile>
    <ClCompile Include="791-custom_sort_string.cpp">
      <Filter>701-800</Filter>
    </ClCompile>
    <ClCompile Include="792-number_of_match_subseq.cpp">
      <Filter>701-800</Filter>
    </ClCompile>
    <ClCompile Include="793-preimage_size_factorial_zeros.cpp">
      <Filter>701-800</Filter>
    </ClCompile>
    <ClCompile Include="794-valid_tic_tac_toe.cpp">
      <Filter>701-800</Filter>
    </ClCompile>
    <ClCompile Include="795-num_subary_bound_max.cpp">
      <Filter>701-800</Filter>
    </ClCompile>
    <ClCompile Include="796-rotate_string.cpp">
      <Filter>701-800</Filter>
    </ClCompile>
    <ClCompile Include="797-all_paths_src_to_dst.cpp">
      <Filter>701-800</Filter>
    </ClCompile>
    <ClCompile Include="798-small_rotation_high_score.cpp">
      <Filter>701-800</Filter>
    </ClCompile>
    <ClCompile Include="799-champagne_tower.cpp">
      <Filter>701-800</Filter>
    </ClCompile>
    <ClCompile Include="801-min_swap_make_inc.cpp">
      <Filter>801-900</Filter>
    </ClCompile>
    <ClCompile Include="802-eventual_safe_states.cpp">
      <Filter>801-900</Filter>
    </ClCompile>
    <ClCompile Include="804-unique_morse_code.cpp">
      <Filter>801-900</Filter>
    </ClCompile>
    <ClCompile Include="805-split_array_same_average.cpp">
      <Filter>801-900</Filter>
    </ClCompile>
    <ClCompile Include="806-num_lines_write_string.cpp">
      <Filter>801-900</Filter>
    </ClCompile>
    <ClCompile Include="807-max_inc_to_keep_skyline.cpp">
      <Filter>801-900</Filter>
    </ClCompile>
    <ClCompile Include="808-soup_servings.cpp">
      <Filter>801-900</Filter>
    </ClCompile>
    <ClCompile Include="809-expressive_words.cpp">
      <Filter>801-900</Filter>
    </ClCompile>
    <ClCompile Include="810-chalkboard_xor_game.cpp">
      <Filter>801-900</Filter>
    </ClCompile>
    <ClCompile Include="811-subdomain_visit_count.cpp">
      <Filter>801-900</Filter>
    </ClCompile>
    <ClCompile Include="812-largest_triangle_area.cpp">
      <Filter>801-900</Filter>
    </ClCompile>
    <ClCompile Include="813-largest_sum_of_averages.cpp">
      <Filter>801-900</Filter>
    </ClCompile>
    <ClCompile Include="814-binary_tree_pruning.cpp">
      <Filter>801-900</Filter>
    </ClCompile>
    <ClCompile Include="815-bus_routes.cpp">
      <Filter>801-900</Filter>
    </ClCompile>
    <ClCompile Include="816-ambiguous_coordinates.cpp">
      <Filter>801-900</Filter>
    </ClCompile>
    <ClCompile Include="817-linked_list_components.cpp">
      <Filter>801-900</Filter>
    </ClCompile>
    <ClCompile Include="818-race_car.cpp">
      <Filter>801-900</Filter>
    </ClCompile>
    <ClCompile Include="819-most_common_word.cpp">
      <Filter>801-900</Filter>
    </ClCompile>
    <ClCompile Include="820-short_encoding_of_words.cpp">
      <Filter>801-900</Filter>
    </ClCompile>
    <ClCompile Include="821-shortest_dist_to_char.cpp">
      <Filter>801-900</Filter>
    </ClCompile>
    <ClCompile Include="822-card_flipping_game.cpp">
      <Filter>801-900</Filter>
    </ClCompile>
    <ClCompile Include="823-binary_tree_factors.cpp">
      <Filter>801-900</Filter>
    </ClCompile>
    <ClCompile Include="824-goat_latin.cpp">
      <Filter>801-900</Filter>
    </ClCompile>
    <ClCompile Include="826-most_profit_assign_work.cpp">
      <Filter>801-900</Filter>
    </ClCompile>
    <ClCompile Include="827-make_a_large_island.cpp">
      <Filter>801-900</Filter>
    </ClCompile>
    <ClCompile Include="825-unique_letter_string.cpp">
      <Filter>801-900</Filter>
    </ClCompile>
    <ClCompile Include="829-consecutive_numbers_sum.cpp">
      <Filter>801-900</Filter>
    </ClCompile>
    <ClCompile Include="830-pos_of_large_groups.cpp">
      <Filter>801-900</Filter>
    </ClCompile>
    <ClCompile Include="832-flip_an_image.cpp">
      <Filter>801-900</Filter>
    </ClCompile>
    <ClCompile Include="833-find_and_replace_in_string.cpp">
      <Filter>801-900</Filter>
    </ClCompile>
    <ClCompile Include="834-sum_of_distance_in_tree.cpp">
      <Filter>801-900</Filter>
    </ClCompile>
    <ClCompile Include="835-image_overlap.cpp">
      <Filter>801-900</Filter>
    </ClCompile>
    <ClCompile Include="836-rectangle_overlap.cpp">
      <Filter>801-900</Filter>
    </ClCompile>
    <ClCompile Include="837-new_21_game.cpp">
      <Filter>801-900</Filter>
    </ClCompile>
    <ClCompile Include="838-push_dominoes.cpp">
      <Filter>801-900</Filter>
    </ClCompile>
    <ClCompile Include="839-similar_string_group.cpp">
      <Filter>801-900</Filter>
    </ClCompile>
    <ClCompile Include="840-magic_square_in_grid.cpp">
      <Filter>801-900</Filter>
    </ClCompile>
    <ClCompile Include="841-keys_and_rooms.cpp">
      <Filter>801-900</Filter>
    </ClCompile>
    <ClCompile Include="391-prefect_rectangle.cpp">
      <Filter>301-400</Filter>
    </ClCompile>
    <ClCompile Include="843-guess_the_word.cpp">
      <Filter>801-900</Filter>
    </ClCompile>
    <ClCompile Include="844-backspace_string_compare.cpp">
      <Filter>801-900</Filter>
    </ClCompile>
    <ClCompile Include="845-longest_mountain_in_array.cpp">
      <Filter>801-900</Filter>
    </ClCompile>
    <ClCompile Include="846-hand_of_straights.cpp">
      <Filter>801-900</Filter>
    </ClCompile>
    <ClCompile Include="847-shortest_path_visit_all_nodes.cpp">
      <Filter>801-900</Filter>
    </ClCompile>
    <ClCompile Include="848-shift_letters.cpp">
      <Filter>801-900</Filter>
    </ClCompile>
    <ClCompile Include="849-max_dist_to_closest_person.cpp">
      <Filter>801-900</Filter>
    </ClCompile>
    <ClCompile Include="850-rectange_area_2.cpp">
      <Filter>801-900</Filter>
    </ClCompile>
    <ClCompile Include="209-min_size_subary_sum.cpp">
      <Filter>201-300</Filter>
    </ClCompile>
    <ClCompile Include="852-peak_index_in_array.cpp">
      <Filter>801-900</Filter>
    </ClCompile>
    <ClCompile Include="853-car_fleet.cpp">
      <Filter>801-900</Filter>
    </ClCompile>
    <ClCompile Include="854-k_similar_string.cpp">
      <Filter>801-900</Filter>
    </ClCompile>
    <ClCompile Include="855-exam_room.cpp">
      <Filter>801-900</Filter>
    </ClCompile>
    <ClCompile Include="856-score_of_parentheses.cpp">
      <Filter>801-900</Filter>
    </ClCompile>
    <ClCompile Include="857-min_cost_hire_k_workers.cpp">
      <Filter>801-900</Filter>
    </ClCompile>
    <ClCompile Include="858-mirror_reflection.cpp">
      <Filter>801-900</Filter>
    </ClCompile>
    <ClCompile Include="859-buddy_strings.cpp">
      <Filter>801-900</Filter>
    </ClCompile>
    <ClCompile Include="860-lemonade_change.cpp">
      <Filter>801-900</Filter>
    </ClCompile>
    <ClCompile Include="861-score_after_flip_matrix.cpp">
      <Filter>801-900</Filter>
    </ClCompile>
    <ClCompile Include="862-short_subary_sum_at_least_k.cpp">
      <Filter>801-900</Filter>
    </ClCompile>
    <ClCompile Include="864-shorest_path_get_all_keys.cpp">
      <Filter>801-900</Filter>
    </ClCompile>
    <ClCompile Include="866-prime_palindrome.cpp">
      <Filter>801-900</Filter>
    </ClCompile>
    <ClCompile Include="867-transpose_matrix.cpp">
      <Filter>801-900</Filter>
    </ClCompile>
    <ClCompile Include="868-binary_gap.cpp">
      <Filter>801-900</Filter>
    </ClCompile>
    <ClCompile Include="869-reordered_power_of_2.cpp">
      <Filter>801-900</Filter>
    </ClCompile>
    <ClCompile Include="870-advantage_shuffle.cpp">
      <Filter>801-900</Filter>
    </ClCompile>
    <ClCompile Include="871-min_num_refuel_stops.cpp">
      <Filter>801-900</Filter>
    </ClCompile>
    <ClCompile Include="873-longest_fibonacci_subseq.cpp">
      <Filter>801-900</Filter>
    </ClCompile>
    <ClCompile Include="875-koko_eat_bananas.cpp">
      <Filter>801-900</Filter>
    </ClCompile>
    <ClCompile Include="876-middle_of_linked_list.cpp">
      <Filter>801-900</Filter>
    </ClCompile>
    <ClCompile Include="877-stone_game.cpp">
      <Filter>801-900</Filter>
    </ClCompile>
    <ClCompile Include="878-nth_magical_num.cpp">
      <Filter>801-900</Filter>
    </ClCompile>
    <ClCompile Include="879-profitable_schemes.cpp">
      <Filter>801-900</Filter>
    </ClCompile>
    <ClCompile Include="880-decoded_string_at_index.cpp">
      <Filter>801-900</Filter>
    </ClCompile>
    <ClCompile Include="881-boats_to_save_people.cpp">
      <Filter>801-900</Filter>
    </ClCompile>
    <ClCompile Include="882-reachable_nodes.cpp">
      <Filter>801-900</Filter>
    </ClCompile>
    <ClCompile Include="883-projection_area_3d_shape.cpp">
      <Filter>801-900</Filter>
    </ClCompile>
    <ClCompile Include="884-uncommon_words_2_sentences.cpp">
      <Filter>801-900</Filter>
    </ClCompile>
    <ClCompile Include="885-spiral_matrix_3.cpp">
      <Filter>801-900</Filter>
    </ClCompile>
    <ClCompile Include="886-possible_bipartition.cpp">
      <Filter>801-900</Filter>
    </ClCompile>
    <ClCompile Include="887-super_egg_drop.cpp">
      <Filter>801-900</Filter>
    </ClCompile>
    <ClCompile Include="888-fair_candy_swap.cpp">
      <Filter>801-900</Filter>
    </ClCompile>
    <ClCompile Include="890-find_replace_pattern.cpp">
      <Filter>801-900</Filter>
    </ClCompile>
    <ClCompile Include="891-sum_of_subseq_widths.cpp">
      <Filter>801-900</Filter>
    </ClCompile>
    <ClCompile Include="892-surface_area_3d_shape.cpp">
      <Filter>801-900</Filter>
    </ClCompile>
    <ClCompile Include="893-groups_special_eq_str.cpp">
      <Filter>801-900</Filter>
    </ClCompile>
    <ClCompile Include="895-max_freq_stack.cpp">
      <Filter>801-900</Filter>
    </ClCompile>
    <ClCompile Include="896-monotonic_array.cpp">
      <Filter>801-900</Filter>
    </ClCompile>
    <ClCompile Include="898-bitwise_or_of_subarray.cpp">
      <Filter>801-900</Filter>
    </ClCompile>
    <ClCompile Include="899-orderly_queue_string.cpp">
      <Filter>801-900</Filter>
    </ClCompile>
    <ClCompile Include="900-rle_iterator.cpp">
      <Filter>801-900</Filter>
    </ClCompile>
    <ClCompile Include="901-online_stock_span.cpp">
      <Filter>901-1000</Filter>
    </ClCompile>
    <ClCompile Include="902-num_at_most_N_digit_set.cpp">
      <Filter>901-1000</Filter>
    </ClCompile>
    <ClCompile Include="903-valid_permutations_DI_seq.cpp">
      <Filter>901-1000</Filter>
    </ClCompile>
    <ClCompile Include="904-fruit_into_baskets.cpp">
      <Filter>901-1000</Filter>
    </ClCompile>
    <ClCompile Include="905-sort_array_by_parity.cpp">
      <Filter>901-1000</Filter>
    </ClCompile>
    <ClCompile Include="907-sum_subary_min.cpp">
      <Filter>901-1000</Filter>
    </ClCompile>
    <ClCompile Include="906-super_palindromes.cpp">
      <Filter>901-1000</Filter>
    </ClCompile>
    <ClCompile Include="908-smallest_range_1.cpp">
      <Filter>901-1000</Filter>
    </ClCompile>
    <ClCompile Include="909-snakes_and_ladders.cpp">
      <Filter>901-1000</Filter>
    </ClCompile>
    <ClCompile Include="910-smallest_range_2.cpp">
      <Filter>901-1000</Filter>
    </ClCompile>
    <ClCompile Include="911-online_election.cpp">
      <Filter>901-1000</Filter>
    </ClCompile>
    <ClCompile Include="912-sort_an_array.cpp">
      <Filter>901-1000</Filter>
    </ClCompile>
    <ClCompile Include="913-cat_and_mouse.cpp">
      <Filter>901-1000</Filter>
    </ClCompile>
    <ClCompile Include="914-x_of_a_kind_in_deck_cards.cpp">
      <Filter>901-1000</Filter>
    </ClCompile>
    <ClCompile Include="915-partition_array_disjoint.cpp">
      <Filter>901-1000</Filter>
    </ClCompile>
    <ClCompile Include="916-word_subsets.cpp">
      <Filter>901-1000</Filter>
    </ClCompile>
    <ClCompile Include="917-reverse_only_letters.cpp">
      <Filter>901-1000</Filter>
    </ClCompile>
    <ClCompile Include="918-max_sum_circular_subary.cpp">
      <Filter>901-1000</Filter>
    </ClCompile>
    <ClCompile Include="920-num_of_music_playlists.cpp">
      <Filter>901-1000</Filter>
    </ClCompile>
    <ClCompile Include="921-min_add_make_parentheses.cpp">
      <Filter>901-1000</Filter>
    </ClCompile>
    <ClCompile Include="922-sort_array_by_parity_2.cpp">
      <Filter>901-1000</Filter>
    </ClCompile>
    <ClCompile Include="923-3_sum_with_multiplicity.cpp">
      <Filter>901-1000</Filter>
    </ClCompile>
    <ClCompile Include="924-minimize_malware_spread.cpp">
      <Filter>901-1000</Filter>
    </ClCompile>
    <ClCompile Include="925-long_pressed_name.cpp">
      <Filter>901-1000</Filter>
    </ClCompile>
    <ClCompile Include="926-flip_str_monotone_inc.cpp">
      <Filter>901-1000</Filter>
    </ClCompile>
    <ClCompile Include="927-three_equal_parts.cpp">
      <Filter>901-1000</Filter>
    </ClCompile>
    <ClCompile Include="928-minimize_malware_spread_2.cpp">
      <Filter>901-1000</Filter>
    </ClCompile>
    <ClCompile Include="929-unique_email_addresses.cpp">
      <Filter>901-1000</Filter>
    </ClCompile>
    <ClCompile Include="930-binary_subarray_sum.cpp">
      <Filter>901-1000</Filter>
    </ClCompile>
    <ClCompile Include="931-min_falling_path_sum.cpp">
      <Filter>901-1000</Filter>
    </ClCompile>
    <ClCompile Include="932-beautiful_array.cpp">
      <Filter>901-1000</Filter>
    </ClCompile>
    <ClCompile Include="933-num_of_recent_calls.cpp">
      <Filter>901-1000</Filter>
    </ClCompile>
    <ClCompile Include="934-shortest_bridge.cpp">
      <Filter>901-1000</Filter>
    </ClCompile>
    <ClCompile Include="935-knight_dialer.cpp">
      <Filter>901-1000</Filter>
    </ClCompile>
  </ItemGroup>
  <ItemGroup>
    <ClInclude Include="leetcode.hpp">
      <Filter>头文件</Filter>
    </ClInclude>
  </ItemGroup>
</Project>